PODS:
  - MCUIImageAdvanced (1.1.4)

DEPENDENCIES:
  - MCUIImageAdvanced (from `../`)

EXTERNAL SOURCES:
  MCUIImageAdvanced:
    :path: "../"

SPEC CHECKSUMS:
  MCUIImageAdvanced: b42d383a79d2a810110d40d9e16cbed5d6598c0b

PODFILE CHECKSUM: dc17ebb1df3c874b5f9b19b160b938b6263da9db

COCOAPODS: 1.16.2
