PODS:
  - MCUIImageAdvanced (1.1.3)

DEPENDENCIES:
  - MCUIImageAdvanced (from `../`)

EXTERNAL SOURCES:
  MCUIImageAdvanced:
    :path: "../"

SPEC CHECKSUMS:
  MCUIImageAdvanced: c11db37325e9ac1817a917b1ad146ab42c247836

PODFILE CHECKSUM: db3e6f736c13d90c42f33da6dbd16895265a56c4

COCOAPODS: 1.5.0
