PODS:
  - MCUIImageAdvanced (0.2.0):
    - MGImageUtilities
  - MGImageUtilities (0.0.1)

DEPENDENCIES:
  - MCUIImageAdvanced (from `..`)

EXTERNAL SOURCES:
  MCUIImageAdvanced:
    :local: ..

SPEC CHECKSUMS:
  MCUIImageAdvanced: 5b56aeb4f11e0f668d3df3457ef76803f6e734bb
  MGImageUtilities: ab3580f2161b10f8a41331baea87aaafbd688950

COCOAPODS: 0.18.1
