PODS:
  - MCUIImageAdvanced (0.2.4):
    - MGImageUtilities
  - MGImageUtilities (0.0.1)

DEPENDENCIES:
  - MCUIImageAdvanced (from `../`)

EXTERNAL SOURCES:
  MCUIImageAdvanced:
    :path: ../

SPEC CHECKSUMS:
  MCUIImageAdvanced: b27cea4655247e6aed091e8549dbed555127bb68
  MGImageUtilities: ab3580f2161b10f8a41331baea87aaafbd688950

COCOAPODS: 0.28.0
